
Microsoft Visual Studio Solution File, Format Version 12.00
# Visual Studio Version 17
VisualStudioVersion = 17.9.34728.123
MinimumVisualStudioVersion = 10.0.40219.1
Project("{FAE04EC0-301F-11D3-BF4B-00C04F79EFBC}") = "CodePulse.API", "CodePulse.API\CodePulse.API.csproj", "{D648532F-52BF-44A1-9F6A-DD48F406CDC4}"
EndProject
Global
	GlobalSection(SolutionConfigurationPlatforms) = preSolution
		Debug|Any CPU = Debug|Any CPU
		Release|Any CPU = Release|Any CPU
	EndGlobalSection
	GlobalSection(ProjectConfigurationPlatforms) = postSolution
		{D648532F-52BF-44A1-9F6A-DD48F406CDC4}.Debug|Any CPU.ActiveCfg = Debug|Any CPU
		{D648532F-52BF-44A1-9F6A-DD48F406CDC4}.Debug|Any CPU.Build.0 = Debug|Any CPU
		{D648532F-52BF-44A1-9F6A-DD48F406CDC4}.Release|Any CPU.ActiveCfg = Release|Any CPU
		{D648532F-52BF-44A1-9F6A-DD48F406CDC4}.Release|Any CPU.Build.0 = Release|Any CPU
	EndGlobalSection
	GlobalSection(SolutionProperties) = preSolution
		HideSolutionNode = FALSE
	EndGlobalSection
	GlobalSection(ExtensibilityGlobals) = postSolution
		SolutionGuid = {94472C3A-1C91-494F-8BB4-489A7554087D}
	EndGlobalSection
EndGlobal
